
Microsoft Visual Studio Solution File, Format Version 12.00
# Visual Studio Version 17
VisualStudioVersion = 17.1.32421.90
MinimumVisualStudioVersion = 10.0.40219.1
Project("{9A19103F-16F7-4668-BE54-9A1E7A4F7556}") = "RemoteAudio.Server", "RemoteAudio.Server\RemoteAudio.Server.csproj", "{B534D7CC-CB0A-4A49-8CA3-744559BC6924}"
EndProject
Project("{FAE04EC0-301F-11D3-BF4B-00C04F79EFBC}") = "RemoteAudio.Client.iOS", "RemoteAudio.Client.iOS\RemoteAudio.Client.iOS.csproj", "{AFE8F4FC-277D-44EE-B74F-AE52930986DA}"
EndProject
Project("{FAE04EC0-301F-11D3-BF4B-00C04F79EFBC}") = "RemoteAudio.Client.Android", "RemoteAudio.Client.Android\RemoteAudio.Client.Android.csproj", "{4BF1A437-3618-4D0F-845C-1BF7E709316A}"
EndProject
Project("{9A19103F-16F7-4668-BE54-9A1E7A4F7556}") = "RemoteAudio.Client.Windows", "RemoteAudio.Client.Windows\RemoteAudio.Client.Windows.csproj", "{B25B886B-613B-4A2F-BEE7-907F1CF48FEA}"
EndProject
Project("{C7167F0D-BC9F-4E6E-AFE1-012C56B48DB5}") = "RemoteAudio.Server.Windows (Package)", "RemoteAudio.Server.Windows\RemoteAudio.Server.Windows (Package)\RemoteAudio.Server.Windows (Package).wapproj", "{85B9F0F6-C288-4850-9586-E7CA6B71171E}"
EndProject
Project("{9A19103F-16F7-4668-BE54-9A1E7A4F7556}") = "RemoteAudio.Server.Windows", "RemoteAudio.Server.Windows\RemoteAudio.Server.Windows\RemoteAudio.Server.Windows.csproj", "{039713B4-C7CC-417C-B096-3BD7726C530B}"
EndProject
Global
	GlobalSection(SolutionConfigurationPlatforms) = preSolution
		Debug|Any CPU = Debug|Any CPU
		Debug|arm64 = Debug|arm64
		Debug|iPhone = Debug|iPhone
		Debug|iPhoneSimulator = Debug|iPhoneSimulator
		Debug|x64 = Debug|x64
		Debug|x86 = Debug|x86
		Release|Any CPU = Release|Any CPU
		Release|arm64 = Release|arm64
		Release|iPhone = Release|iPhone
		Release|iPhoneSimulator = Release|iPhoneSimulator
		Release|x64 = Release|x64
		Release|x86 = Release|x86
	EndGlobalSection
	GlobalSection(ProjectConfigurationPlatforms) = postSolution
		{B534D7CC-CB0A-4A49-8CA3-744559BC6924}.Debug|Any CPU.ActiveCfg = Debug|Any CPU
		{B534D7CC-CB0A-4A49-8CA3-744559BC6924}.Debug|Any CPU.Build.0 = Debug|Any CPU
		{B534D7CC-CB0A-4A49-8CA3-744559BC6924}.Debug|arm64.ActiveCfg = Debug|Any CPU
		{B534D7CC-CB0A-4A49-8CA3-744559BC6924}.Debug|arm64.Build.0 = Debug|Any CPU
		{B534D7CC-CB0A-4A49-8CA3-744559BC6924}.Debug|iPhone.ActiveCfg = Debug|Any CPU
		{B534D7CC-CB0A-4A49-8CA3-744559BC6924}.Debug|iPhone.Build.0 = Debug|Any CPU
		{B534D7CC-CB0A-4A49-8CA3-744559BC6924}.Debug|iPhoneSimulator.ActiveCfg = Debug|Any CPU
		{B534D7CC-CB0A-4A49-8CA3-744559BC6924}.Debug|iPhoneSimulator.Build.0 = Debug|Any CPU
		{B534D7CC-CB0A-4A49-8CA3-744559BC6924}.Debug|x64.ActiveCfg = Debug|Any CPU
		{B534D7CC-CB0A-4A49-8CA3-744559BC6924}.Debug|x64.Build.0 = Debug|Any CPU
		{B534D7CC-CB0A-4A49-8CA3-744559BC6924}.Debug|x86.ActiveCfg = Debug|Any CPU
		{B534D7CC-CB0A-4A49-8CA3-744559BC6924}.Debug|x86.Build.0 = Debug|Any CPU
		{B534D7CC-CB0A-4A49-8CA3-744559BC6924}.Release|Any CPU.ActiveCfg = Release|Any CPU
		{B534D7CC-CB0A-4A49-8CA3-744559BC6924}.Release|Any CPU.Build.0 = Release|Any CPU
		{B534D7CC-CB0A-4A49-8CA3-744559BC6924}.Release|arm64.ActiveCfg = Release|Any CPU
		{B534D7CC-CB0A-4A49-8CA3-744559BC6924}.Release|arm64.Build.0 = Release|Any CPU
		{B534D7CC-CB0A-4A49-8CA3-744559BC6924}.Release|iPhone.ActiveCfg = Release|Any CPU
		{B534D7CC-CB0A-4A49-8CA3-744559BC6924}.Release|iPhone.Build.0 = Release|Any CPU
		{B534D7CC-CB0A-4A49-8CA3-744559BC6924}.Release|iPhoneSimulator.ActiveCfg = Release|Any CPU
		{B534D7CC-CB0A-4A49-8CA3-744559BC6924}.Release|iPhoneSimulator.Build.0 = Release|Any CPU
		{B534D7CC-CB0A-4A49-8CA3-744559BC6924}.Release|x64.ActiveCfg = Release|Any CPU
		{B534D7CC-CB0A-4A49-8CA3-744559BC6924}.Release|x64.Build.0 = Release|Any CPU
		{B534D7CC-CB0A-4A49-8CA3-744559BC6924}.Release|x86.ActiveCfg = Release|Any CPU
		{B534D7CC-CB0A-4A49-8CA3-744559BC6924}.Release|x86.Build.0 = Release|Any CPU
		{AFE8F4FC-277D-44EE-B74F-AE52930986DA}.Debug|Any CPU.ActiveCfg = Debug|iPhoneSimulator
		{AFE8F4FC-277D-44EE-B74F-AE52930986DA}.Debug|Any CPU.Build.0 = Debug|iPhoneSimulator
		{AFE8F4FC-277D-44EE-B74F-AE52930986DA}.Debug|arm64.ActiveCfg = Debug|iPhone
		{AFE8F4FC-277D-44EE-B74F-AE52930986DA}.Debug|arm64.Build.0 = Debug|iPhone
		{AFE8F4FC-277D-44EE-B74F-AE52930986DA}.Debug|iPhone.ActiveCfg = Debug|iPhone
		{AFE8F4FC-277D-44EE-B74F-AE52930986DA}.Debug|iPhone.Build.0 = Debug|iPhone
		{AFE8F4FC-277D-44EE-B74F-AE52930986DA}.Debug|iPhoneSimulator.ActiveCfg = Debug|iPhoneSimulator
		{AFE8F4FC-277D-44EE-B74F-AE52930986DA}.Debug|iPhoneSimulator.Build.0 = Debug|iPhoneSimulator
		{AFE8F4FC-277D-44EE-B74F-AE52930986DA}.Debug|x64.ActiveCfg = Debug|iPhone
		{AFE8F4FC-277D-44EE-B74F-AE52930986DA}.Debug|x64.Build.0 = Debug|iPhone
		{AFE8F4FC-277D-44EE-B74F-AE52930986DA}.Debug|x86.ActiveCfg = Debug|iPhone
		{AFE8F4FC-277D-44EE-B74F-AE52930986DA}.Debug|x86.Build.0 = Debug|iPhone
		{AFE8F4FC-277D-44EE-B74F-AE52930986DA}.Release|Any CPU.ActiveCfg = Release|iPhoneSimulator
		{AFE8F4FC-277D-44EE-B74F-AE52930986DA}.Release|Any CPU.Build.0 = Release|iPhoneSimulator
		{AFE8F4FC-277D-44EE-B74F-AE52930986DA}.Release|arm64.ActiveCfg = Release|iPhone
		{AFE8F4FC-277D-44EE-B74F-AE52930986DA}.Release|arm64.Build.0 = Release|iPhone
		{AFE8F4FC-277D-44EE-B74F-AE52930986DA}.Release|iPhone.ActiveCfg = Release|iPhone
		{AFE8F4FC-277D-44EE-B74F-AE52930986DA}.Release|iPhone.Build.0 = Release|iPhone
		{AFE8F4FC-277D-44EE-B74F-AE52930986DA}.Release|iPhoneSimulator.ActiveCfg = Release|iPhoneSimulator
		{AFE8F4FC-277D-44EE-B74F-AE52930986DA}.Release|iPhoneSimulator.Build.0 = Release|iPhoneSimulator
		{AFE8F4FC-277D-44EE-B74F-AE52930986DA}.Release|x64.ActiveCfg = Release|iPhone
		{AFE8F4FC-277D-44EE-B74F-AE52930986DA}.Release|x64.Build.0 = Release|iPhone
		{AFE8F4FC-277D-44EE-B74F-AE52930986DA}.Release|x86.ActiveCfg = Release|iPhone
		{AFE8F4FC-277D-44EE-B74F-AE52930986DA}.Release|x86.Build.0 = Release|iPhone
		{4BF1A437-3618-4D0F-845C-1BF7E709316A}.Debug|Any CPU.ActiveCfg = Debug|Any CPU
		{4BF1A437-3618-4D0F-845C-1BF7E709316A}.Debug|Any CPU.Build.0 = Debug|Any CPU
		{4BF1A437-3618-4D0F-845C-1BF7E709316A}.Debug|Any CPU.Deploy.0 = Debug|Any CPU
		{4BF1A437-3618-4D0F-845C-1BF7E709316A}.Debug|arm64.ActiveCfg = Debug|Any CPU
		{4BF1A437-3618-4D0F-845C-1BF7E709316A}.Debug|arm64.Build.0 = Debug|Any CPU
		{4BF1A437-3618-4D0F-845C-1BF7E709316A}.Debug|arm64.Deploy.0 = Debug|Any CPU
		{4BF1A437-3618-4D0F-845C-1BF7E709316A}.Debug|iPhone.ActiveCfg = Debug|Any CPU
		{4BF1A437-3618-4D0F-845C-1BF7E709316A}.Debug|iPhone.Build.0 = Debug|Any CPU
		{4BF1A437-3618-4D0F-845C-1BF7E709316A}.Debug|iPhone.Deploy.0 = Debug|Any CPU
		{4BF1A437-3618-4D0F-845C-1BF7E709316A}.Debug|iPhoneSimulator.ActiveCfg = Debug|Any CPU
		{4BF1A437-3618-4D0F-845C-1BF7E709316A}.Debug|iPhoneSimulator.Build.0 = Debug|Any CPU
		{4BF1A437-3618-4D0F-845C-1BF7E709316A}.Debug|iPhoneSimulator.Deploy.0 = Debug|Any CPU
		{4BF1A437-3618-4D0F-845C-1BF7E709316A}.Debug|x64.ActiveCfg = Debug|Any CPU
		{4BF1A437-3618-4D0F-845C-1BF7E709316A}.Debug|x64.Build.0 = Debug|Any CPU
		{4BF1A437-3618-4D0F-845C-1BF7E709316A}.Debug|x64.Deploy.0 = Debug|Any CPU
		{4BF1A437-3618-4D0F-845C-1BF7E709316A}.Debug|x86.ActiveCfg = Debug|Any CPU
		{4BF1A437-3618-4D0F-845C-1BF7E709316A}.Debug|x86.Build.0 = Debug|Any CPU
		{4BF1A437-3618-4D0F-845C-1BF7E709316A}.Debug|x86.Deploy.0 = Debug|Any CPU
		{4BF1A437-3618-4D0F-845C-1BF7E709316A}.Release|Any CPU.ActiveCfg = Release|Any CPU
		{4BF1A437-3618-4D0F-845C-1BF7E709316A}.Release|Any CPU.Build.0 = Release|Any CPU
		{4BF1A437-3618-4D0F-845C-1BF7E709316A}.Release|Any CPU.Deploy.0 = Release|Any CPU
		{4BF1A437-3618-4D0F-845C-1BF7E709316A}.Release|arm64.ActiveCfg = Release|Any CPU
		{4BF1A437-3618-4D0F-845C-1BF7E709316A}.Release|arm64.Build.0 = Release|Any CPU
		{4BF1A437-3618-4D0F-845C-1BF7E709316A}.Release|arm64.Deploy.0 = Release|Any CPU
		{4BF1A437-3618-4D0F-845C-1BF7E709316A}.Release|iPhone.ActiveCfg = Release|Any CPU
		{4BF1A437-3618-4D0F-845C-1BF7E709316A}.Release|iPhone.Build.0 = Release|Any CPU
		{4BF1A437-3618-4D0F-845C-1BF7E709316A}.Release|iPhone.Deploy.0 = Release|Any CPU
		{4BF1A437-3618-4D0F-845C-1BF7E709316A}.Release|iPhoneSimulator.ActiveCfg = Release|Any CPU
		{4BF1A437-3618-4D0F-845C-1BF7E709316A}.Release|iPhoneSimulator.Build.0 = Release|Any CPU
		{4BF1A437-3618-4D0F-845C-1BF7E709316A}.Release|iPhoneSimulator.Deploy.0 = Release|Any CPU
		{4BF1A437-3618-4D0F-845C-1BF7E709316A}.Release|x64.ActiveCfg = Release|Any CPU
		{4BF1A437-3618-4D0F-845C-1BF7E709316A}.Release|x64.Build.0 = Release|Any CPU
		{4BF1A437-3618-4D0F-845C-1BF7E709316A}.Release|x64.Deploy.0 = Release|Any CPU
		{4BF1A437-3618-4D0F-845C-1BF7E709316A}.Release|x86.ActiveCfg = Release|Any CPU
		{4BF1A437-3618-4D0F-845C-1BF7E709316A}.Release|x86.Build.0 = Release|Any CPU
		{4BF1A437-3618-4D0F-845C-1BF7E709316A}.Release|x86.Deploy.0 = Release|Any CPU
		{B25B886B-613B-4A2F-BEE7-907F1CF48FEA}.Debug|Any CPU.ActiveCfg = Debug|Any CPU
		{B25B886B-613B-4A2F-BEE7-907F1CF48FEA}.Debug|Any CPU.Build.0 = Debug|Any CPU
		{B25B886B-613B-4A2F-BEE7-907F1CF48FEA}.Debug|arm64.ActiveCfg = Debug|Any CPU
		{B25B886B-613B-4A2F-BEE7-907F1CF48FEA}.Debug|arm64.Build.0 = Debug|Any CPU
		{B25B886B-613B-4A2F-BEE7-907F1CF48FEA}.Debug|iPhone.ActiveCfg = Debug|Any CPU
		{B25B886B-613B-4A2F-BEE7-907F1CF48FEA}.Debug|iPhone.Build.0 = Debug|Any CPU
		{B25B886B-613B-4A2F-BEE7-907F1CF48FEA}.Debug|iPhoneSimulator.ActiveCfg = Debug|Any CPU
		{B25B886B-613B-4A2F-BEE7-907F1CF48FEA}.Debug|iPhoneSimulator.Build.0 = Debug|Any CPU
		{B25B886B-613B-4A2F-BEE7-907F1CF48FEA}.Debug|x64.ActiveCfg = Debug|Any CPU
		{B25B886B-613B-4A2F-BEE7-907F1CF48FEA}.Debug|x64.Build.0 = Debug|Any CPU
		{B25B886B-613B-4A2F-BEE7-907F1CF48FEA}.Debug|x86.ActiveCfg = Debug|Any CPU
		{B25B886B-613B-4A2F-BEE7-907F1CF48FEA}.Debug|x86.Build.0 = Debug|Any CPU
		{B25B886B-613B-4A2F-BEE7-907F1CF48FEA}.Release|Any CPU.ActiveCfg = Release|Any CPU
		{B25B886B-613B-4A2F-BEE7-907F1CF48FEA}.Release|Any CPU.Build.0 = Release|Any CPU
		{B25B886B-613B-4A2F-BEE7-907F1CF48FEA}.Release|arm64.ActiveCfg = Release|Any CPU
		{B25B886B-613B-4A2F-BEE7-907F1CF48FEA}.Release|arm64.Build.0 = Release|Any CPU
		{B25B886B-613B-4A2F-BEE7-907F1CF48FEA}.Release|iPhone.ActiveCfg = Release|Any CPU
		{B25B886B-613B-4A2F-BEE7-907F1CF48FEA}.Release|iPhone.Build.0 = Release|Any CPU
		{B25B886B-613B-4A2F-BEE7-907F1CF48FEA}.Release|iPhoneSimulator.ActiveCfg = Release|Any CPU
		{B25B886B-613B-4A2F-BEE7-907F1CF48FEA}.Release|iPhoneSimulator.Build.0 = Release|Any CPU
		{B25B886B-613B-4A2F-BEE7-907F1CF48FEA}.Release|x64.ActiveCfg = Release|Any CPU
		{B25B886B-613B-4A2F-BEE7-907F1CF48FEA}.Release|x64.Build.0 = Release|Any CPU
		{B25B886B-613B-4A2F-BEE7-907F1CF48FEA}.Release|x86.ActiveCfg = Release|Any CPU
		{B25B886B-613B-4A2F-BEE7-907F1CF48FEA}.Release|x86.Build.0 = Release|Any CPU
		{85B9F0F6-C288-4850-9586-E7CA6B71171E}.Debug|Any CPU.ActiveCfg = Debug|x64
		{85B9F0F6-C288-4850-9586-E7CA6B71171E}.Debug|Any CPU.Build.0 = Debug|x64
		{85B9F0F6-C288-4850-9586-E7CA6B71171E}.Debug|Any CPU.Deploy.0 = Debug|x64
		{85B9F0F6-C288-4850-9586-E7CA6B71171E}.Debug|arm64.ActiveCfg = Debug|arm64
		{85B9F0F6-C288-4850-9586-E7CA6B71171E}.Debug|arm64.Build.0 = Debug|arm64
		{85B9F0F6-C288-4850-9586-E7CA6B71171E}.Debug|arm64.Deploy.0 = Debug|arm64
		{85B9F0F6-C288-4850-9586-E7CA6B71171E}.Debug|iPhone.ActiveCfg = Debug|x64
		{85B9F0F6-C288-4850-9586-E7CA6B71171E}.Debug|iPhone.Build.0 = Debug|x64
		{85B9F0F6-C288-4850-9586-E7CA6B71171E}.Debug|iPhone.Deploy.0 = Debug|x64
		{85B9F0F6-C288-4850-9586-E7CA6B71171E}.Debug|iPhoneSimulator.ActiveCfg = Debug|x64
		{85B9F0F6-C288-4850-9586-E7CA6B71171E}.Debug|iPhoneSimulator.Build.0 = Debug|x64
		{85B9F0F6-C288-4850-9586-E7CA6B71171E}.Debug|iPhoneSimulator.Deploy.0 = Debug|x64
		{85B9F0F6-C288-4850-9586-E7CA6B71171E}.Debug|x64.ActiveCfg = Debug|x64
		{85B9F0F6-C288-4850-9586-E7CA6B71171E}.Debug|x64.Build.0 = Debug|x64
		{85B9F0F6-C288-4850-9586-E7CA6B71171E}.Debug|x64.Deploy.0 = Debug|x64
		{85B9F0F6-C288-4850-9586-E7CA6B71171E}.Debug|x86.ActiveCfg = Debug|x86
		{85B9F0F6-C288-4850-9586-E7CA6B71171E}.Debug|x86.Build.0 = Debug|x86
		{85B9F0F6-C288-4850-9586-E7CA6B71171E}.Debug|x86.Deploy.0 = Debug|x86
		{85B9F0F6-C288-4850-9586-E7CA6B71171E}.Release|Any CPU.ActiveCfg = Release|x64
		{85B9F0F6-C288-4850-9586-E7CA6B71171E}.Release|Any CPU.Build.0 = Release|x64
		{85B9F0F6-C288-4850-9586-E7CA6B71171E}.Release|Any CPU.Deploy.0 = Release|x64
		{85B9F0F6-C288-4850-9586-E7CA6B71171E}.Release|arm64.ActiveCfg = Release|arm64
		{85B9F0F6-C288-4850-9586-E7CA6B71171E}.Release|arm64.Build.0 = Release|arm64
		{85B9F0F6-C288-4850-9586-E7CA6B71171E}.Release|arm64.Deploy.0 = Release|arm64
		{85B9F0F6-C288-4850-9586-E7CA6B71171E}.Release|iPhone.ActiveCfg = Release|x64
		{85B9F0F6-C288-4850-9586-E7CA6B71171E}.Release|iPhone.Build.0 = Release|x64
		{85B9F0F6-C288-4850-9586-E7CA6B71171E}.Release|iPhone.Deploy.0 = Release|x64
		{85B9F0F6-C288-4850-9586-E7CA6B71171E}.Release|iPhoneSimulator.ActiveCfg = Release|x64
		{85B9F0F6-C288-4850-9586-E7CA6B71171E}.Release|iPhoneSimulator.Build.0 = Release|x64
		{85B9F0F6-C288-4850-9586-E7CA6B71171E}.Release|iPhoneSimulator.Deploy.0 = Release|x64
		{85B9F0F6-C288-4850-9586-E7CA6B71171E}.Release|x64.ActiveCfg = Release|x64
		{85B9F0F6-C288-4850-9586-E7CA6B71171E}.Release|x64.Build.0 = Release|x64
		{85B9F0F6-C288-4850-9586-E7CA6B71171E}.Release|x64.Deploy.0 = Release|x64
		{85B9F0F6-C288-4850-9586-E7CA6B71171E}.Release|x86.ActiveCfg = Release|x86
		{85B9F0F6-C288-4850-9586-E7CA6B71171E}.Release|x86.Build.0 = Release|x86
		{85B9F0F6-C288-4850-9586-E7CA6B71171E}.Release|x86.Deploy.0 = Release|x86
		{039713B4-C7CC-417C-B096-3BD7726C530B}.Debug|Any CPU.ActiveCfg = Debug|x64
		{039713B4-C7CC-417C-B096-3BD7726C530B}.Debug|Any CPU.Build.0 = Debug|x64
		{039713B4-C7CC-417C-B096-3BD7726C530B}.Debug|arm64.ActiveCfg = Debug|arm64
		{039713B4-C7CC-417C-B096-3BD7726C530B}.Debug|arm64.Build.0 = Debug|arm64
		{039713B4-C7CC-417C-B096-3BD7726C530B}.Debug|iPhone.ActiveCfg = Debug|x64
		{039713B4-C7CC-417C-B096-3BD7726C530B}.Debug|iPhone.Build.0 = Debug|x64
		{039713B4-C7CC-417C-B096-3BD7726C530B}.Debug|iPhoneSimulator.ActiveCfg = Debug|x64
		{039713B4-C7CC-417C-B096-3BD7726C530B}.Debug|iPhoneSimulator.Build.0 = Debug|x64
		{039713B4-C7CC-417C-B096-3BD7726C530B}.Debug|x64.ActiveCfg = Debug|x64
		{039713B4-C7CC-417C-B096-3BD7726C530B}.Debug|x64.Build.0 = Debug|x64
		{039713B4-C7CC-417C-B096-3BD7726C530B}.Debug|x86.ActiveCfg = Debug|x86
		{039713B4-C7CC-417C-B096-3BD7726C530B}.Debug|x86.Build.0 = Debug|x86
		{039713B4-C7CC-417C-B096-3BD7726C530B}.Release|Any CPU.ActiveCfg = Release|x64
		{039713B4-C7CC-417C-B096-3BD7726C530B}.Release|Any CPU.Build.0 = Release|x64
		{039713B4-C7CC-417C-B096-3BD7726C530B}.Release|arm64.ActiveCfg = Release|arm64
		{039713B4-C7CC-417C-B096-3BD7726C530B}.Release|arm64.Build.0 = Release|arm64
		{039713B4-C7CC-417C-B096-3BD7726C530B}.Release|iPhone.ActiveCfg = Release|x64
		{039713B4-C7CC-417C-B096-3BD7726C530B}.Release|iPhone.Build.0 = Release|x64
		{039713B4-C7CC-417C-B096-3BD7726C530B}.Release|iPhoneSimulator.ActiveCfg = Release|x64
		{039713B4-C7CC-417C-B096-3BD7726C530B}.Release|iPhoneSimulator.Build.0 = Release|x64
		{039713B4-C7CC-417C-B096-3BD7726C530B}.Release|x64.ActiveCfg = Release|x64
		{039713B4-C7CC-417C-B096-3BD7726C530B}.Release|x64.Build.0 = Release|x64
		{039713B4-C7CC-417C-B096-3BD7726C530B}.Release|x86.ActiveCfg = Release|x86
		{039713B4-C7CC-417C-B096-3BD7726C530B}.Release|x86.Build.0 = Release|x86
	EndGlobalSection
	GlobalSection(SolutionProperties) = preSolution
		HideSolutionNode = FALSE
	EndGlobalSection
	GlobalSection(ExtensibilityGlobals) = postSolution
		SolutionGuid = {2F3F5C17-2D80-4B0E-AEE8-21E75B6DE469}
	EndGlobalSection
EndGlobal
